// !$*UTF8*$!
{
	archiveVersion = 1;
	classes = {
	};
	objectVersion = 56;
	objects = {

/* Begin PBXBuildFile section */
		D4257DB82BF6B31900B2FC57 /* That_ColorApp.swift in Sources */ = {isa = PBXBuildFile; fileRef = D4257DB72BF6B31900B2FC57 /* That_ColorApp.swift */; };
		D4257DBA2BF6B31900B2FC57 /* ContentView.swift in Sources */ = {isa = PBXBuildFile; fileRef = D4257DB92BF6B31900B2FC57 /* ContentView.swift */; };
		D4257DBC2BF6B31A00B2FC57 /* Assets.xcassets in Resources */ = {isa = PBXBuildFile; fileRef = D4257DBB2BF6B31A00B2FC57 /* Assets.xcassets */; };
		D4257DBF2BF6B31A00B2FC57 /* Preview Assets.xcassets in Resources */ = {isa = PBXBuildFile; fileRef = D4257DBE2BF6B31A00B2FC57 /* Preview Assets.xcassets */; };
		D4257DC72BF6B33400B2FC57 /* PalatteView.swift in Sources */ = {isa = PBXBuildFile; fileRef = D4257DC62BF6B33400B2FC57 /* PalatteView.swift */; };
		D4257DC92BF6B34600B2FC57 /* CameraView.swift in Sources */ = {isa = PBXBuildFile; fileRef = D4257DC82BF6B34600B2FC57 /* CameraView.swift */; };
		D4257DCB2BF6B36200B2FC57 /* UIImage+Extension.swift in Sources */ = {isa = PBXBuildFile; fileRef = D4257DCA2BF6B36200B2FC57 /* UIImage+Extension.swift */; };
		D4E1804D2BFC0BD300053746 /* BottomControls.swift in Sources */ = {isa = PBXBuildFile; fileRef = D4E1804C2BFC0BD300053746 /* BottomControls.swift */; };
		D4E180532BFC11A800053746 /* PolyKit in Frameworks */ = {isa = PBXBuildFile; productRef = D4E180522BFC11A800053746 /* PolyKit */; };
		D4E180552BFC148F00053746 /* Polygon.swift in Sources */ = {isa = PBXBuildFile; fileRef = D4E180542BFC148F00053746 /* Polygon.swift */; };
		D4E180572BFC44FA00053746 /* GridView.swift in Sources */ = {isa = PBXBuildFile; fileRef = D4E180562BFC44FA00053746 /* GridView.swift */; };
		D4E180592BFC4FCE00053746 /* ColorComputation.swift in Sources */ = {isa = PBXBuildFile; fileRef = D4E180582BFC4FCE00053746 /* ColorComputation.swift */; };
		D4E1805C2BFD379100053746 /* Glur in Frameworks */ = {isa = PBXBuildFile; productRef = D4E1805B2BFD379100053746 /* Glur */; };
		D4E1805F2BFD37E700053746 /* Variablur in Frameworks */ = {isa = PBXBuildFile; productRef = D4E1805E2BFD37E700053746 /* Variablur */; };
		D4E180612BFD38D900053746 /* ProgressiveBlur.swift in Sources */ = {isa = PBXBuildFile; fileRef = D4E180602BFD38D900053746 /* ProgressiveBlur.swift */; };
		D4E1806F2BFD474B00053746 /* BNHightideRegular.ttf in Resources */ = {isa = PBXBuildFile; fileRef = D4E1806E2BFD474B00053746 /* BNHightideRegular.ttf */; };
		D4E180732C053DC000053746 /* SFCamera.ttf in Resources */ = {isa = PBXBuildFile; fileRef = D4E180722C053DC000053746 /* SFCamera.ttf */; };
/* End PBXBuildFile section */

/* Begin PBXFileReference section */
		D4257DB42BF6B31900B2FC57 /* That Color.app */ = {isa = PBXFileReference; explicitFileType = wrapper.application; includeInIndex = 0; path = "That Color.app"; sourceTree = BUILT_PRODUCTS_DIR; };
		D4257DB72BF6B31900B2FC57 /* That_ColorApp.swift */ = {isa = PBXFileReference; lastKnownFileType = sourcecode.swift; path = That_ColorApp.swift; sourceTree = "<group>"; };
		D4257DB92BF6B31900B2FC57 /* ContentView.swift */ = {isa = PBXFileReference; lastKnownFileType = sourcecode.swift; path = ContentView.swift; sourceTree = "<group>"; };
		D4257DBB2BF6B31A00B2FC57 /* Assets.xcassets */ = {isa = PBXFileReference; lastKnownFileType = folder.assetcatalog; path = Assets.xcassets; sourceTree = "<group>"; };
		D4257DBE2BF6B31A00B2FC57 /* Preview Assets.xcassets */ = {isa = PBXFileReference; lastKnownFileType = folder.assetcatalog; path = "Preview Assets.xcassets"; sourceTree = "<group>"; };
		D4257DC62BF6B33400B2FC57 /* PalatteView.swift */ = {isa = PBXFileReference; lastKnownFileType = sourcecode.swift; path = PalatteView.swift; sourceTree = "<group>"; };
		D4257DC82BF6B34600B2FC57 /* CameraView.swift */ = {isa = PBXFileReference; lastKnownFileType = sourcecode.swift; path = CameraView.swift; sourceTree = "<group>"; };
		D4257DCA2BF6B36200B2FC57 /* UIImage+Extension.swift */ = {isa = PBXFileReference; lastKnownFileType = sourcecode.swift; path = "UIImage+Extension.swift"; sourceTree = "<group>"; };
		D4E1804C2BFC0BD300053746 /* BottomControls.swift */ = {isa = PBXFileReference; lastKnownFileType = sourcecode.swift; path = BottomControls.swift; sourceTree = "<group>"; };
		D4E180542BFC148F00053746 /* Polygon.swift */ = {isa = PBXFileReference; lastKnownFileType = sourcecode.swift; path = Polygon.swift; sourceTree = "<group>"; };
		D4E180562BFC44FA00053746 /* GridView.swift */ = {isa = PBXFileReference; lastKnownFileType = sourcecode.swift; path = GridView.swift; sourceTree = "<group>"; };
		D4E180582BFC4FCE00053746 /* ColorComputation.swift */ = {isa = PBXFileReference; lastKnownFileType = sourcecode.swift; path = ColorComputation.swift; sourceTree = "<group>"; };
		D4E180602BFD38D900053746 /* ProgressiveBlur.swift */ = {isa = PBXFileReference; lastKnownFileType = sourcecode.swift; path = ProgressiveBlur.swift; sourceTree = "<group>"; };
		D4E180642BFD448200053746 /* That-Color-Info.plist */ = {isa = PBXFileReference; lastKnownFileType = text.plist; path = "That-Color-Info.plist"; sourceTree = SOURCE_ROOT; };
		D4E1806E2BFD474B00053746 /* BNHightideRegular.ttf */ = {isa = PBXFileReference; lastKnownFileType = file; path = BNHightideRegular.ttf; sourceTree = "<group>"; };
		D4E180722C053DC000053746 /* SFCamera.ttf */ = {isa = PBXFileReference; lastKnownFileType = file; path = SFCamera.ttf; sourceTree = "<group>"; };
/* End PBXFileReference section */

/* Begin PBXFrameworksBuildPhase section */
		D4257DB12BF6B31900B2FC57 /* Frameworks */ = {
			isa = PBXFrameworksBuildPhase;
			buildActionMask = 2147483647;
			files = (
				D4E1805C2BFD379100053746 /* Glur in Frameworks */,
				D4E180532BFC11A800053746 /* PolyKit in Frameworks */,
				D4E1805F2BFD37E700053746 /* Variablur in Frameworks */,
			);
			runOnlyForDeploymentPostprocessing = 0;
		};
/* End PBXFrameworksBuildPhase section */

/* Begin PBXGroup section */
		D4257DAB2BF6B31900B2FC57 = {
			isa = PBXGroup;
			children = (
				D4257DB62BF6B31900B2FC57 /* That Color */,
				D4257DB52BF6B31900B2FC57 /* Products */,
			);
			sourceTree = "<group>";
		};
		D4257DB52BF6B31900B2FC57 /* Products */ = {
			isa = PBXGroup;
			children = (
				D4257DB42BF6B31900B2FC57 /* That Color.app */,
			);
			name = Products;
			sourceTree = "<group>";
		};
		D4257DB62BF6B31900B2FC57 /* That Color */ = {
			isa = PBXGroup;
			children = (
				D4E180642BFD448200053746 /* That-Color-Info.plist */,
				D4257DB72BF6B31900B2FC57 /* That_ColorApp.swift */,
				D4E180652BFD450800053746 /* Fonts */,
				D4257DB92BF6B31900B2FC57 /* ContentView.swift */,
				D4E180562BFC44FA00053746 /* GridView.swift */,
				D4E180582BFC4FCE00053746 /* ColorComputation.swift */,
				D4E180602BFD38D900053746 /* ProgressiveBlur.swift */,
				D4E180502BFC0F7700053746 /* Helpers */,
				D4257DC52BF6B32B00B2FC57 /* Views */,
				D4257DBB2BF6B31A00B2FC57 /* Assets.xcassets */,
				D4257DBD2BF6B31A00B2FC57 /* Preview Content */,
			);
			path = "That Color";
			sourceTree = "<group>";
		};
		D4257DBD2BF6B31A00B2FC57 /* Preview Content */ = {
			isa = PBXGroup;
			children = (
				D4257DBE2BF6B31A00B2FC57 /* Preview Assets.xcassets */,
			);
			path = "Preview Content";
			sourceTree = "<group>";
		};
		D4257DC52BF6B32B00B2FC57 /* Views */ = {
			isa = PBXGroup;
			children = (
				D4E1804B2BFC0BC900053746 /* Components */,
				D4257DC62BF6B33400B2FC57 /* PalatteView.swift */,
				D4257DC82BF6B34600B2FC57 /* CameraView.swift */,
			);
			path = Views;
			sourceTree = "<group>";
		};
		D4E1804B2BFC0BC900053746 /* Components */ = {
			isa = PBXGroup;
			children = (
				D4E1804C2BFC0BD300053746 /* BottomControls.swift */,
			);
			path = Components;
			sourceTree = "<group>";
		};
		D4E180502BFC0F7700053746 /* Helpers */ = {
			isa = PBXGroup;
			children = (
				D4257DCA2BF6B36200B2FC57 /* UIImage+Extension.swift */,
				D4E180542BFC148F00053746 /* Polygon.swift */,
			);
			path = Helpers;
			sourceTree = "<group>";
		};
		D4E180652BFD450800053746 /* Fonts */ = {
			isa = PBXGroup;
			children = (
				D4E180722C053DC000053746 /* SFCamera.ttf */,
				D4E1806E2BFD474B00053746 /* BNHightideRegular.ttf */,
			);
			path = Fonts;
			sourceTree = "<group>";
		};
/* End PBXGroup section */

/* Begin PBXNativeTarget section */
		D4257DB32BF6B31900B2FC57 /* That Color */ = {
			isa = PBXNativeTarget;
			buildConfigurationList = D4257DC22BF6B31A00B2FC57 /* Build configuration list for PBXNativeTarget "That Color" */;
			buildPhases = (
				D4257DB02BF6B31900B2FC57 /* Sources */,
				D4257DB12BF6B31900B2FC57 /* Frameworks */,
				D4257DB22BF6B31900B2FC57 /* Resources */,
			);
			buildRules = (
			);
			dependencies = (
			);
			name = "That Color";
			packageProductDependencies = (
				D4E180522BFC11A800053746 /* PolyKit */,
				D4E1805B2BFD379100053746 /* Glur */,
				D4E1805E2BFD37E700053746 /* Variablur */,
			);
			productName = "That Color";
			productReference = D4257DB42BF6B31900B2FC57 /* That Color.app */;
			productType = "com.apple.product-type.application";
		};
/* End PBXNativeTarget section */

/* Begin PBXProject section */
		D4257DAC2BF6B31900B2FC57 /* Project object */ = {
			isa = PBXProject;
			attributes = {
				BuildIndependentTargetsInParallel = 1;
				LastSwiftUpdateCheck = 1540;
				LastUpgradeCheck = 1540;
				TargetAttributes = {
					D4257DB32BF6B31900B2FC57 = {
						CreatedOnToolsVersion = 15.4;
					};
				};
			};
			buildConfigurationList = D4257DAF2BF6B31900B2FC57 /* Build configuration list for PBXProject "That Color" */;
			compatibilityVersion = "Xcode 14.0";
			developmentRegion = en;
			hasScannedForEncodings = 0;
			knownRegions = (
				en,
				Base,
			);
			mainGroup = D4257DAB2BF6B31900B2FC57;
			packageReferences = (
				D4E180512BFC11A800053746 /* XCRemoteSwiftPackageReference "PolyKit" */,
				D4E1805A2BFD379100053746 /* XCRemoteSwiftPackageReference "Glur" */,
				D4E1805D2BFD37E700053746 /* XCRemoteSwiftPackageReference "Variablur" */,
			);
			productRefGroup = D4257DB52BF6B31900B2FC57 /* Products */;
			projectDirPath = "";
			projectRoot = "";
			targets = (
				D4257DB32BF6B31900B2FC57 /* That Color */,
			);
		};
/* End PBXProject section */

/* Begin PBXResourcesBuildPhase section */
		D4257DB22BF6B31900B2FC57 /* Resources */ = {
			isa = PBXResourcesBuildPhase;
			buildActionMask = 2147483647;
			files = (
				D4E1806F2BFD474B00053746 /* BNHightideRegular.ttf in Resources */,
				D4257DBF2BF6B31A00B2FC57 /* Preview Assets.xcassets in Resources */,
				D4E180732C053DC000053746 /* SFCamera.ttf in Resources */,
				D4257DBC2BF6B31A00B2FC57 /* Assets.xcassets in Resources */,
			);
			runOnlyForDeploymentPostprocessing = 0;
		};
/* End PBXResourcesBuildPhase section */

/* Begin PBXSourcesBuildPhase section */
		D4257DB02BF6B31900B2FC57 /* Sources */ = {
			isa = PBXSourcesBuildPhase;
			buildActionMask = 2147483647;
			files = (
				D4E180592BFC4FCE00053746 /* ColorComputation.swift in Sources */,
				D4E1804D2BFC0BD300053746 /* BottomControls.swift in Sources */,
				D4257DC72BF6B33400B2FC57 /* PalatteView.swift in Sources */,
				D4E180572BFC44FA00053746 /* GridView.swift in Sources */,
				D4257DBA2BF6B31900B2FC57 /* ContentView.swift in Sources */,
				D4E180612BFD38D900053746 /* ProgressiveBlur.swift in Sources */,
				D4257DCB2BF6B36200B2FC57 /* UIImage+Extension.swift in Sources */,
				D4257DB82BF6B31900B2FC57 /* That_ColorApp.swift in Sources */,
				D4257DC92BF6B34600B2FC57 /* CameraView.swift in Sources */,
				D4E180552BFC148F00053746 /* Polygon.swift in Sources */,
			);
			runOnlyForDeploymentPostprocessing = 0;
		};
/* End PBXSourcesBuildPhase section */

/* Begin XCBuildConfiguration section */
		D4257DC02BF6B31A00B2FC57 /* Debug */ = {
			isa = XCBuildConfiguration;
			buildSettings = {
				ALWAYS_SEARCH_USER_PATHS = NO;
				ASSETCATALOG_COMPILER_GENERATE_SWIFT_ASSET_SYMBOL_EXTENSIONS = YES;
				CLANG_ANALYZER_NONNULL = YES;
				CLANG_ANALYZER_NUMBER_OBJECT_CONVERSION = YES_AGGRESSIVE;
				CLANG_CXX_LANGUAGE_STANDARD = "gnu++20";
				CLANG_ENABLE_MODULES = YES;
				CLANG_ENABLE_OBJC_ARC = YES;
				CLANG_ENABLE_OBJC_WEAK = YES;
				CLANG_WARN_BLOCK_CAPTURE_AUTORELEASING = YES;
				CLANG_WARN_BOOL_CONVERSION = YES;
				CLANG_WARN_COMMA = YES;
				CLANG_WARN_CONSTANT_CONVERSION = YES;
				CLANG_WARN_DEPRECATED_OBJC_IMPLEMENTATIONS = YES;
				CLANG_WARN_DIRECT_OBJC_ISA_USAGE = YES_ERROR;
				CLANG_WARN_DOCUMENTATION_COMMENTS = YES;
				CLANG_WARN_EMPTY_BODY = YES;
				CLANG_WARN_ENUM_CONVERSION = YES;
				CLANG_WARN_INFINITE_RECURSION = YES;
				CLANG_WARN_INT_CONVERSION = YES;
				CLANG_WARN_NON_LITERAL_NULL_CONVERSION = YES;
				CLANG_WARN_OBJC_IMPLICIT_RETAIN_SELF = YES;
				CLANG_WARN_OBJC_LITERAL_CONVERSION = YES;
				CLANG_WARN_OBJC_ROOT_CLASS = YES_ERROR;
				CLANG_WARN_QUOTED_INCLUDE_IN_FRAMEWORK_HEADER = YES;
				CLANG_WARN_RANGE_LOOP_ANALYSIS = YES;
				CLANG_WARN_STRICT_PROTOTYPES = YES;
				CLANG_WARN_SUSPICIOUS_MOVE = YES;
				CLANG_WARN_UNGUARDED_AVAILABILITY = YES_AGGRESSIVE;
				CLANG_WARN_UNREACHABLE_CODE = YES;
				CLANG_WARN__DUPLICATE_METHOD_MATCH = YES;
				COPY_PHASE_STRIP = NO;
				DEBUG_INFORMATION_FORMAT = dwarf;
				ENABLE_STRICT_OBJC_MSGSEND = YES;
				ENABLE_TESTABILITY = YES;
				ENABLE_USER_SCRIPT_SANDBOXING = YES;
				GCC_C_LANGUAGE_STANDARD = gnu17;
				GCC_DYNAMIC_NO_PIC = NO;
				GCC_NO_COMMON_BLOCKS = YES;
				GCC_OPTIMIZATION_LEVEL = 0;
				GCC_PREPROCESSOR_DEFINITIONS = (
					"DEBUG=1",
					"$(inherited)",
				);
				GCC_WARN_64_TO_32_BIT_CONVERSION = YES;
				GCC_WARN_ABOUT_RETURN_TYPE = YES_ERROR;
				GCC_WARN_UNDECLARED_SELECTOR = YES;
				GCC_WARN_UNINITIALIZED_AUTOS = YES_AGGRESSIVE;
				GCC_WARN_UNUSED_FUNCTION = YES;
				GCC_WARN_UNUSED_VARIABLE = YES;
				IPHONEOS_DEPLOYMENT_TARGET = 17.5;
				LOCALIZATION_PREFERS_STRING_CATALOGS = YES;
				MTL_ENABLE_DEBUG_INFO = INCLUDE_SOURCE;
				MTL_FAST_MATH = YES;
				ONLY_ACTIVE_ARCH = YES;
				SDKROOT = iphoneos;
				SWIFT_ACTIVE_COMPILATION_CONDITIONS = "DEBUG $(inherited)";
				SWIFT_OPTIMIZATION_LEVEL = "-Onone";
			};
			name = Debug;
		};
		D4257DC12BF6B31A00B2FC57 /* Release */ = {
			isa = XCBuildConfiguration;
			buildSettings = {
				ALWAYS_SEARCH_USER_PATHS = NO;
				ASSETCATALOG_COMPILER_GENERATE_SWIFT_ASSET_SYMBOL_EXTENSIONS = YES;
				CLANG_ANALYZER_NONNULL = YES;
				CLANG_ANALYZER_NUMBER_OBJECT_CONVERSION = YES_AGGRESSIVE;
				CLANG_CXX_LANGUAGE_STANDARD = "gnu++20";
				CLANG_ENABLE_MODULES = YES;
				CLANG_ENABLE_OBJC_ARC = YES;
				CLANG_ENABLE_OBJC_WEAK = YES;
				CLANG_WARN_BLOCK_CAPTURE_AUTORELEASING = YES;
				CLANG_WARN_BOOL_CONVERSION = YES;
				CLANG_WARN_COMMA = YES;
				CLANG_WARN_CONSTANT_CONVERSION = YES;
				CLANG_WARN_DEPRECATED_OBJC_IMPLEMENTATIONS = YES;
				CLANG_WARN_DIRECT_OBJC_ISA_USAGE = YES_ERROR;
				CLANG_WARN_DOCUMENTATION_COMMENTS = YES;
				CLANG_WARN_EMPTY_BODY = YES;
				CLANG_WARN_ENUM_CONVERSION = YES;
				CLANG_WARN_INFINITE_RECURSION = YES;
				CLANG_WARN_INT_CONVERSION = YES;
				CLANG_WARN_NON_LITERAL_NULL_CONVERSION = YES;
				CLANG_WARN_OBJC_IMPLICIT_RETAIN_SELF = YES;
				CLANG_WARN_OBJC_LITERAL_CONVERSION = YES;
				CLANG_WARN_OBJC_ROOT_CLASS = YES_ERROR;
				CLANG_WARN_QUOTED_INCLUDE_IN_FRAMEWORK_HEADER = YES;
				CLANG_WARN_RANGE_LOOP_ANALYSIS = YES;
				CLANG_WARN_STRICT_PROTOTYPES = YES;
				CLANG_WARN_SUSPICIOUS_MOVE = YES;
				CLANG_WARN_UNGUARDED_AVAILABILITY = YES_AGGRESSIVE;
				CLANG_WARN_UNREACHABLE_CODE = YES;
				CLANG_WARN__DUPLICATE_METHOD_MATCH = YES;
				COPY_PHASE_STRIP = NO;
				DEBUG_INFORMATION_FORMAT = "dwarf-with-dsym";
				ENABLE_NS_ASSERTIONS = NO;
				ENABLE_STRICT_OBJC_MSGSEND = YES;
				ENABLE_USER_SCRIPT_SANDBOXING = YES;
				GCC_C_LANGUAGE_STANDARD = gnu17;
				GCC_NO_COMMON_BLOCKS = YES;
				GCC_WARN_64_TO_32_BIT_CONVERSION = YES;
				GCC_WARN_ABOUT_RETURN_TYPE = YES_ERROR;
				GCC_WARN_UNDECLARED_SELECTOR = YES;
				GCC_WARN_UNINITIALIZED_AUTOS = YES_AGGRESSIVE;
				GCC_WARN_UNUSED_FUNCTION = YES;
				GCC_WARN_UNUSED_VARIABLE = YES;
				IPHONEOS_DEPLOYMENT_TARGET = 17.5;
				LOCALIZATION_PREFERS_STRING_CATALOGS = YES;
				MTL_ENABLE_DEBUG_INFO = NO;
				MTL_FAST_MATH = YES;
				SDKROOT = iphoneos;
				SWIFT_COMPILATION_MODE = wholemodule;
				VALIDATE_PRODUCT = YES;
			};
			name = Release;
		};
		D4257DC32BF6B31A00B2FC57 /* Debug */ = {
			isa = XCBuildConfiguration;
			buildSettings = {
				ASSETCATALOG_COMPILER_APPICON_NAME = AppIcon;
				ASSETCATALOG_COMPILER_GLOBAL_ACCENT_COLOR_NAME = AccentColor;
				CODE_SIGN_STYLE = Automatic;
				CURRENT_PROJECT_VERSION = 1;
				DEVELOPMENT_ASSET_PATHS = "\"That Color/Preview Content\"";
				DEVELOPMENT_TEAM = C4DBP4HKWQ;
				ENABLE_PREVIEWS = YES;
				GENERATE_INFOPLIST_FILE = YES;
				INFOPLIST_FILE = "That-Color-Info.plist";
				INFOPLIST_KEY_NSCameraUsageDescription = "";
				INFOPLIST_KEY_UIApplicationSceneManifest_Generation = YES;
				INFOPLIST_KEY_UIApplicationSupportsIndirectInputEvents = YES;
				INFOPLIST_KEY_UILaunchScreen_Generation = YES;
				INFOPLIST_KEY_UISupportedInterfaceOrientations_iPad = "UIInterfaceOrientationPortrait UIInterfaceOrientationPortraitUpsideDown UIInterfaceOrientationLandscapeLeft UIInterfaceOrientationLandscapeRight";
				INFOPLIST_KEY_UISupportedInterfaceOrientations_iPhone = "UIInterfaceOrientationPortrait UIInterfaceOrientationLandscapeLeft UIInterfaceOrientationLandscapeRight";
				LD_RUNPATH_SEARCH_PATHS = (
					"$(inherited)",
					"@executable_path/Frameworks",
				);
				MARKETING_VERSION = 1.0;
				PRODUCT_BUNDLE_IDENTIFIER = "com.polarizz.That-Color";
				PRODUCT_NAME = "$(TARGET_NAME)";
				SWIFT_EMIT_LOC_STRINGS = YES;
				SWIFT_VERSION = 5.0;
				TARGETED_DEVICE_FAMILY = "1,2";
			};
			name = Debug;
		};
		D4257DC42BF6B31A00B2FC57 /* Release */ = {
			isa = XCBuildConfiguration;
			buildSettings = {
				ASSETCATALOG_COMPILER_APPICON_NAME = AppIcon;
				ASSETCATALOG_COMPILER_GLOBAL_ACCENT_COLOR_NAME = AccentColor;
				CODE_SIGN_STYLE = Automatic;
				CURRENT_PROJECT_VERSION = 1;
				DEVELOPMENT_ASSET_PATHS = "\"That Color/Preview Content\"";
				DEVELOPMENT_TEAM = C4DBP4HKWQ;
				ENABLE_PREVIEWS = YES;
				GENERATE_INFOPLIST_FILE = YES;
				INFOPLIST_FILE = "That-Color-Info.plist";
				INFOPLIST_KEY_NSCameraUsageDescription = "";
				INFOPLIST_KEY_UIApplicationSceneManifest_Generation = YES;
				INFOPLIST_KEY_UIApplicationSupportsIndirectInputEvents = YES;
				INFOPLIST_KEY_UILaunchScreen_Generation = YES;
				INFOPLIST_KEY_UISupportedInterfaceOrientations_iPad = "UIInterfaceOrientationPortrait UIInterfaceOrientationPortraitUpsideDown UIInterfaceOrientationLandscapeLeft UIInterfaceOrientationLandscapeRight";
				INFOPLIST_KEY_UISupportedInterfaceOrientations_iPhone = "UIInterfaceOrientationPortrait UIInterfaceOrientationLandscapeLeft UIInterfaceOrientationLandscapeRight";
				LD_RUNPATH_SEARCH_PATHS = (
					"$(inherited)",
					"@executable_path/Frameworks",
				);
				MARKETING_VERSION = 1.0;
				PRODUCT_BUNDLE_IDENTIFIER = "com.polarizz.That-Color";
				PRODUCT_NAME = "$(TARGET_NAME)";
				SWIFT_EMIT_LOC_STRINGS = YES;
				SWIFT_VERSION = 5.0;
				TARGETED_DEVICE_FAMILY = "1,2";
			};
			name = Release;
		};
/* End XCBuildConfiguration section */

/* Begin XCConfigurationList section */
		D4257DAF2BF6B31900B2FC57 /* Build configuration list for PBXProject "That Color" */ = {
			isa = XCConfigurationList;
			buildConfigurations = (
				D4257DC02BF6B31A00B2FC57 /* Debug */,
				D4257DC12BF6B31A00B2FC57 /* Release */,
			);
			defaultConfigurationIsVisible = 0;
			defaultConfigurationName = Release;
		};
		D4257DC22BF6B31A00B2FC57 /* Build configuration list for PBXNativeTarget "That Color" */ = {
			isa = XCConfigurationList;
			buildConfigurations = (
				D4257DC32BF6B31A00B2FC57 /* Debug */,
				D4257DC42BF6B31A00B2FC57 /* Release */,
			);
			defaultConfigurationIsVisible = 0;
			defaultConfigurationName = Release;
		};
/* End XCConfigurationList section */

/* Begin XCRemoteSwiftPackageReference section */
		D4E180512BFC11A800053746 /* XCRemoteSwiftPackageReference "PolyKit" */ = {
			isa = XCRemoteSwiftPackageReference;
			repositoryURL = "https://github.com/heestand-xyz/PolyKit.git";
			requirement = {
				kind = upToNextMajorVersion;
				minimumVersion = 2.2.0;
			};
		};
		D4E1805A2BFD379100053746 /* XCRemoteSwiftPackageReference "Glur" */ = {
			isa = XCRemoteSwiftPackageReference;
			repositoryURL = "https://github.com/joogps/Glur.git";
			requirement = {
				kind = upToNextMajorVersion;
				minimumVersion = 1.0.4;
			};
		};
		D4E1805D2BFD37E700053746 /* XCRemoteSwiftPackageReference "Variablur" */ = {
			isa = XCRemoteSwiftPackageReference;
			repositoryURL = "https://github.com/daprice/Variablur";
			requirement = {
				branch = main;
				kind = branch;
			};
		};
/* End XCRemoteSwiftPackageReference section */

/* Begin XCSwiftPackageProductDependency section */
		D4E180522BFC11A800053746 /* PolyKit */ = {
			isa = XCSwiftPackageProductDependency;
			package = D4E180512BFC11A800053746 /* XCRemoteSwiftPackageReference "PolyKit" */;
			productName = PolyKit;
		};
		D4E1805B2BFD379100053746 /* Glur */ = {
			isa = XCSwiftPackageProductDependency;
			package = D4E1805A2BFD379100053746 /* XCRemoteSwiftPackageReference "Glur" */;
			productName = Glur;
		};
		D4E1805E2BFD37E700053746 /* Variablur */ = {
			isa = XCSwiftPackageProductDependency;
			package = D4E1805D2BFD37E700053746 /* XCRemoteSwiftPackageReference "Variablur" */;
			productName = Variablur;
		};
/* End XCSwiftPackageProductDependency section */
	};
	rootObject = D4257DAC2BF6B31900B2FC57 /* Project object */;
}
